{
  "name": "ecomm",
  "lockfileVersion": 3,
  "requires": true,
  "packages": {
    "": {
      "name": "ecomm",
      "dependencies": {
        "moment": "^2.30.1",
        "sweetalert2": "^11.12.1"
      }
    },
    "node_modules/moment": {
      "version": "2.30.1",
      "resolved": "https://registry.npmjs.org/moment/-/moment-2.30.1.tgz",
      "integrity": "sha512-uEmtNhbDOrWPFS+hdjFCBfy9f2YoyzRpwcl+DqpC6taX21FzsTLQVbMV/W7PzNSX6x/bhC1zA3c2UQ5NzH6how==",
      "engines": {
        "node": "*"
      }
    },
    "node_modules/sweetalert2": {
      "version": "11.12.1",
      "resolved": "https://registry.npmjs.org/sweetalert2/-/sweetalert2-11.12.1.tgz",
      "integrity": "sha512-xV3/YI7Ah6BeP+bXKcrHy1yn6duh8eqlX2TSI9I/rTIzGLYQvnnTa3mOIo5RHUobAjSmacC2IhPApxjvppZaEQ==",
      "funding": {
        "type": "individual",
        "url": "https://github.com/sponsors/limonte"
      }
    }
  }
}
